<?xml version="1.0" encoding="utf-8"?>
<Project ToolsVersion="4.0" xmlns="http://schemas.microsoft.com/developer/msbuild/2003">
  <ItemGroup>
    <Filter Include="Source Files">
      <UniqueIdentifier>{4FC737F1-C7A5-4376-A066-2A32D752A2FF}</UniqueIdentifier>
      <Extensions>cpp;c;cc;cxx;def;odl;idl;hpj;bat;asm;asmx</Extensions>
    </Filter>
    <Filter Include="Header Files">
      <UniqueIdentifier>{93995380-89BD-4b04-88EB-625FBE52EBFB}</UniqueIdentifier>
      <Extensions>h;hh;hpp;hxx;hm;inl;inc;xsd</Extensions>
    </Filter>
    <Filter Include="Resource Files">
      <UniqueIdentifier>{67DA6AB6-F800-4c08-8B7A-83BB121AAD01}</UniqueIdentifier>
      <Extensions>rc;ico;cur;bmp;dlg;rc2;rct;bin;rgs;gif;jpg;jpeg;jpe;resx;tiff;tif;png;wav;mfcribbon-ms</Extensions>
    </Filter>
    <Filter Include="Source Files\Module">
      <UniqueIdentifier>{39fb50df-2d1f-49bf-8318-c02b7b0ce42e}</UniqueIdentifier>
    </Filter>
    <Filter Include="Header Files\Module">
      <UniqueIdentifier>{5f1c729d-1c82-4aa3-81e8-018ead87b6ad}</UniqueIdentifier>
    </Filter>
  </ItemGroup>
  <ItemGroup>
    <ClInclude Include="..\include\ft0cc\fs.h">
      <Filter>Header Files</Filter>
    </ClInclude>
    <ClInclude Include="..\include\ft0cc\doc\groove.hpp">
      <Filter>Header Files\Module</Filter>
    </ClInclude>
    <ClInclude Include="..\include\ft0cc\doc\dpcm_sample.hpp">
      <Filter>Header Files\Module</Filter>
    </ClInclude>
    <ClInclude Include="..\include\ft0cc\doc\inst_sequence.hpp">
      <Filter>Header Files\Module</Filter>
    </ClInclude>
  </ItemGroup>
  <ItemGroup>
    <ClCompile Include="..\src\ft0cc\doc\groove.cpp">
      <Filter>Source Files\Module</Filter>
    </ClCompile>
    <ClCompile Include="..\src\ft0cc\doc\dpcm_sample.cpp">
      <Filter>Source Files\Module</Filter>
    </ClCompile>
    <ClCompile Include="..\src\ft0cc\doc\inst_sequence.cpp">
      <Filter>Source Files\Module</Filter>
    </ClCompile>
  </ItemGroup>
</Project>